
Microsoft Visual Studio Solution File, Format Version 12.00
# Visual Studio Version 16
VisualStudioVersion = 16.0.30804.86
MinimumVisualStudioVersion = 10.0.40219.1
Project("{FAE04EC0-301F-11D3-BF4B-00C04F79EFBC}") = "Lesson_2", "Lesson_2\Lesson_2.csproj", "{DA58C047-6182-4CCD-B4DF-69494FA0382F}"
EndProject
Global
	GlobalSection(SolutionConfigurationPlatforms) = preSolution
		Debug|Any CPU = Debug|Any CPU
		Release|Any CPU = Release|Any CPU
	EndGlobalSection
	GlobalSection(ProjectConfigurationPlatforms) = postSolution
		{DA58C047-6182-4CCD-B4DF-69494FA0382F}.Debug|Any CPU.ActiveCfg = Debug|Any CPU
		{DA58C047-6182-4CCD-B4DF-69494FA0382F}.Debug|Any CPU.Build.0 = Debug|Any CPU
		{DA58C047-6182-4CCD-B4DF-69494FA0382F}.Release|Any CPU.ActiveCfg = Release|Any CPU
		{DA58C047-6182-4CCD-B4DF-69494FA0382F}.Release|Any CPU.Build.0 = Release|Any CPU
	EndGlobalSection
	GlobalSection(SolutionProperties) = preSolution
		HideSolutionNode = FALSE
	EndGlobalSection
	GlobalSection(ExtensibilityGlobals) = postSolution
		SolutionGuid = {96D02ED9-0C87-4FBD-ADBF-51AE041D987B}
	EndGlobalSection
EndGlobal
