
Microsoft Visual Studio Solution File, Format Version 12.00
# Visual Studio Version 16
VisualStudioVersion = 16.0.30804.86
MinimumVisualStudioVersion = 10.0.40219.1
Project("{FAE04EC0-301F-11D3-BF4B-00C04F79EFBC}") = "Fibonacci", "Fibonacci\Fibonacci.csproj", "{2CD289DF-6105-40D4-B6F4-A3B934B6EB15}"
EndProject
Global
	GlobalSection(SolutionConfigurationPlatforms) = preSolution
		Debug|Any CPU = Debug|Any CPU
		Release|Any CPU = Release|Any CPU
	EndGlobalSection
	GlobalSection(ProjectConfigurationPlatforms) = postSolution
		{2CD289DF-6105-40D4-B6F4-A3B934B6EB15}.Debug|Any CPU.ActiveCfg = Debug|Any CPU
		{2CD289DF-6105-40D4-B6F4-A3B934B6EB15}.Debug|Any CPU.Build.0 = Debug|Any CPU
		{2CD289DF-6105-40D4-B6F4-A3B934B6EB15}.Release|Any CPU.ActiveCfg = Release|Any CPU
		{2CD289DF-6105-40D4-B6F4-A3B934B6EB15}.Release|Any CPU.Build.0 = Release|Any CPU
	EndGlobalSection
	GlobalSection(SolutionProperties) = preSolution
		HideSolutionNode = FALSE
	EndGlobalSection
	GlobalSection(ExtensibilityGlobals) = postSolution
		SolutionGuid = {887CA2A8-BF2B-474A-9860-CC42902E88AE}
	EndGlobalSection
EndGlobal
